
Microsoft Visual Studio Solution File, Format Version 11.00
# Visual Studio 2010
Project("{FAE04EC0-301F-11D3-BF4B-00C04F79EFBC}") = "2dRoguelike", "Assembly-CSharp.csproj", "{73D7939D-B774-8BD9-16A2-76B66C25F0FA}"
EndProject
Project("{FAE04EC0-301F-11D3-BF4B-00C04F79EFBC}") = "2dRoguelike", "Assembly-CSharp-Editor.csproj", "{4D2B2656-BE5E-B326-234B-D5A95F43D408}"
EndProject
Global
	GlobalSection(SolutionConfigurationPlatforms) = preSolution
		Debug|Any CPU = Debug|Any CPU
		Release|Any CPU = Release|Any CPU
	EndGlobalSection
	GlobalSection(ProjectConfigurationPlatforms) = postSolution
		{73D7939D-B774-8BD9-16A2-76B66C25F0FA}.Debug|Any CPU.ActiveCfg = Debug|Any CPU
		{73D7939D-B774-8BD9-16A2-76B66C25F0FA}.Debug|Any CPU.Build.0 = Debug|Any CPU
		{73D7939D-B774-8BD9-16A2-76B66C25F0FA}.Release|Any CPU.ActiveCfg = Release|Any CPU
		{73D7939D-B774-8BD9-16A2-76B66C25F0FA}.Release|Any CPU.Build.0 = Release|Any CPU
		{4D2B2656-BE5E-B326-234B-D5A95F43D408}.Debug|Any CPU.ActiveCfg = Debug|Any CPU
		{4D2B2656-BE5E-B326-234B-D5A95F43D408}.Debug|Any CPU.Build.0 = Debug|Any CPU
		{4D2B2656-BE5E-B326-234B-D5A95F43D408}.Release|Any CPU.ActiveCfg = Release|Any CPU
		{4D2B2656-BE5E-B326-234B-D5A95F43D408}.Release|Any CPU.Build.0 = Release|Any CPU
	EndGlobalSection
	GlobalSection(SolutionProperties) = preSolution
		HideSolutionNode = FALSE
	EndGlobalSection
	GlobalSection(MonoDevelopProperties) = preSolution
		StartupItem = Assembly-CSharp.csproj
	EndGlobalSection
EndGlobal
